
Microsoft Visual Studio Solution File, Format Version 12.00
# Visual Studio Version 17
VisualStudioVersion = 17.8.34330.188
MinimumVisualStudioVersion = 10.0.40219.1
Project("{FAE04EC0-301F-11D3-BF4B-00C04F79EFBC}") = "WinFormsApp1", "WinFormsApp1\WinFormsApp1.csproj", "{12326B99-B987-43D8-816D-A0AD20FDC5CA}"
EndProject
Global
	GlobalSection(SolutionConfigurationPlatforms) = preSolution
		Debug|Any CPU = Debug|Any CPU
		Release|Any CPU = Release|Any CPU
	EndGlobalSection
	GlobalSection(ProjectConfigurationPlatforms) = postSolution
		{12326B99-B987-43D8-816D-A0AD20FDC5CA}.Debug|Any CPU.ActiveCfg = Debug|Any CPU
		{12326B99-B987-43D8-816D-A0AD20FDC5CA}.Debug|Any CPU.Build.0 = Debug|Any CPU
		{12326B99-B987-43D8-816D-A0AD20FDC5CA}.Release|Any CPU.ActiveCfg = Release|Any CPU
		{12326B99-B987-43D8-816D-A0AD20FDC5CA}.Release|Any CPU.Build.0 = Release|Any CPU
	EndGlobalSection
	GlobalSection(SolutionProperties) = preSolution
		HideSolutionNode = FALSE
	EndGlobalSection
	GlobalSection(ExtensibilityGlobals) = postSolution
		SolutionGuid = {64B5905A-D611-4A66-A498-6D6C837AF3E3}
	EndGlobalSection
EndGlobal
