
Microsoft Visual Studio Solution File, Format Version 12.00
# Visual Studio Version 17
VisualStudioVersion = 17.6.33801.468
MinimumVisualStudioVersion = 10.0.40219.1
Project("{FAE04EC0-301F-11D3-BF4B-00C04F79EFBC}") = "TestProject", "TestProject\TestProject.csproj", "{72A6A017-FFCC-487A-8D02-9C4EB68C45E5}"
EndProject
Global
	GlobalSection(SolutionConfigurationPlatforms) = preSolution
		Debug|Any CPU = Debug|Any CPU
		Release|Any CPU = Release|Any CPU
	EndGlobalSection
	GlobalSection(ProjectConfigurationPlatforms) = postSolution
		{72A6A017-FFCC-487A-8D02-9C4EB68C45E5}.Debug|Any CPU.ActiveCfg = Debug|Any CPU
		{72A6A017-FFCC-487A-8D02-9C4EB68C45E5}.Debug|Any CPU.Build.0 = Debug|Any CPU
		{72A6A017-FFCC-487A-8D02-9C4EB68C45E5}.Release|Any CPU.ActiveCfg = Release|Any CPU
		{72A6A017-FFCC-487A-8D02-9C4EB68C45E5}.Release|Any CPU.Build.0 = Release|Any CPU
	EndGlobalSection
	GlobalSection(SolutionProperties) = preSolution
		HideSolutionNode = FALSE
	EndGlobalSection
	GlobalSection(ExtensibilityGlobals) = postSolution
		SolutionGuid = {A858BA67-C1B8-4774-8DD3-B456DB02C673}
	EndGlobalSection
EndGlobal
